
Microsoft Visual Studio Solution File, Format Version 12.00
# Visual Studio Version 16
VisualStudioVersion = 16.0.31515.178
MinimumVisualStudioVersion = 10.0.40219.1
Project("{FAE04EC0-301F-11D3-BF4B-00C04F79EFBC}") = "DeskBooker.Core.Test", "DeskBooker.Core.Test\DeskBooker.Core.Test.csproj", "{F24A6C81-A7B7-4B1B-972C-C2612E596F67}"
EndProject
Project("{FAE04EC0-301F-11D3-BF4B-00C04F79EFBC}") = "DeskBooker.Core", "DeskBooker.Core\DeskBooker.Core.csproj", "{A44C7916-E4F2-46CD-87E9-9E2A6CA6CE52}"
EndProject
Project("{FAE04EC0-301F-11D3-BF4B-00C04F79EFBC}") = "DeskBooker.DataAccess", "DeskBooker.DataAccess\DeskBooker.DataAccess.csproj", "{349BFB73-BCDA-4C4F-B9C0-F884038D3E8C}"
EndProject
Project("{FAE04EC0-301F-11D3-BF4B-00C04F79EFBC}") = "DeskBooker.DataAccess.Test", "DeskBooker.DataAccess.Test\DeskBooker.DataAccess.Test.csproj", "{466E50F3-4F1D-48E4-A452-A53A72504213}"
EndProject
Project("{FAE04EC0-301F-11D3-BF4B-00C04F79EFBC}") = "DeskBooker.Web", "DeskBooker.Web\DeskBooker.Web.csproj", "{76A03FA5-072C-49C9-A756-6987CE3EB148}"
EndProject
Project("{FAE04EC0-301F-11D3-BF4B-00C04F79EFBC}") = "DeskBooker.Web.Test", "DeskBooker.Web.Test\DeskBooker.Web.Test.csproj", "{8398013F-E908-4DF9-A557-44241F52773E}"
EndProject
Global
	GlobalSection(SolutionConfigurationPlatforms) = preSolution
		Debug|Any CPU = Debug|Any CPU
		Release|Any CPU = Release|Any CPU
	EndGlobalSection
	GlobalSection(ProjectConfigurationPlatforms) = postSolution
		{F24A6C81-A7B7-4B1B-972C-C2612E596F67}.Debug|Any CPU.ActiveCfg = Debug|Any CPU
		{F24A6C81-A7B7-4B1B-972C-C2612E596F67}.Debug|Any CPU.Build.0 = Debug|Any CPU
		{F24A6C81-A7B7-4B1B-972C-C2612E596F67}.Release|Any CPU.ActiveCfg = Release|Any CPU
		{F24A6C81-A7B7-4B1B-972C-C2612E596F67}.Release|Any CPU.Build.0 = Release|Any CPU
		{A44C7916-E4F2-46CD-87E9-9E2A6CA6CE52}.Debug|Any CPU.ActiveCfg = Debug|Any CPU
		{A44C7916-E4F2-46CD-87E9-9E2A6CA6CE52}.Debug|Any CPU.Build.0 = Debug|Any CPU
		{A44C7916-E4F2-46CD-87E9-9E2A6CA6CE52}.Release|Any CPU.ActiveCfg = Release|Any CPU
		{A44C7916-E4F2-46CD-87E9-9E2A6CA6CE52}.Release|Any CPU.Build.0 = Release|Any CPU
		{349BFB73-BCDA-4C4F-B9C0-F884038D3E8C}.Debug|Any CPU.ActiveCfg = Debug|Any CPU
		{349BFB73-BCDA-4C4F-B9C0-F884038D3E8C}.Debug|Any CPU.Build.0 = Debug|Any CPU
		{349BFB73-BCDA-4C4F-B9C0-F884038D3E8C}.Release|Any CPU.ActiveCfg = Release|Any CPU
		{349BFB73-BCDA-4C4F-B9C0-F884038D3E8C}.Release|Any CPU.Build.0 = Release|Any CPU
		{466E50F3-4F1D-48E4-A452-A53A72504213}.Debug|Any CPU.ActiveCfg = Debug|Any CPU
		{466E50F3-4F1D-48E4-A452-A53A72504213}.Debug|Any CPU.Build.0 = Debug|Any CPU
		{466E50F3-4F1D-48E4-A452-A53A72504213}.Release|Any CPU.ActiveCfg = Release|Any CPU
		{466E50F3-4F1D-48E4-A452-A53A72504213}.Release|Any CPU.Build.0 = Release|Any CPU
		{76A03FA5-072C-49C9-A756-6987CE3EB148}.Debug|Any CPU.ActiveCfg = Debug|Any CPU
		{76A03FA5-072C-49C9-A756-6987CE3EB148}.Debug|Any CPU.Build.0 = Debug|Any CPU
		{76A03FA5-072C-49C9-A756-6987CE3EB148}.Release|Any CPU.ActiveCfg = Release|Any CPU
		{76A03FA5-072C-49C9-A756-6987CE3EB148}.Release|Any CPU.Build.0 = Release|Any CPU
		{8398013F-E908-4DF9-A557-44241F52773E}.Debug|Any CPU.ActiveCfg = Debug|Any CPU
		{8398013F-E908-4DF9-A557-44241F52773E}.Debug|Any CPU.Build.0 = Debug|Any CPU
		{8398013F-E908-4DF9-A557-44241F52773E}.Release|Any CPU.ActiveCfg = Release|Any CPU
		{8398013F-E908-4DF9-A557-44241F52773E}.Release|Any CPU.Build.0 = Release|Any CPU
	EndGlobalSection
	GlobalSection(SolutionProperties) = preSolution
		HideSolutionNode = FALSE
	EndGlobalSection
	GlobalSection(ExtensibilityGlobals) = postSolution
		SolutionGuid = {4C35C699-9BAB-4A87-BA20-BBAF60207F95}
	EndGlobalSection
EndGlobal
